PODS:
  - EasyRealm (3.2.0):
    - RealmSwift
  - Realm (3.4.0):
    - Realm/Headers (= 3.4.0)
  - Realm/Headers (3.4.0)
  - RealmSwift (3.4.0):
    - Realm (= 3.4.0)

DEPENDENCIES:
  - EasyRealm (from `../`)

SPEC REPOS:
  https://github.com/CocoaPods/Specs.git:
    - Realm
    - RealmSwift

EXTERNAL SOURCES:
  EasyRealm:
    :path: "../"

SPEC CHECKSUMS:
  EasyRealm: 43ac96f3803ba291674b3154226e7f1796912b50
  Realm: 9527c7baa2260f3a3aad6823d2d71cafff9b046b
  RealmSwift: f40a747beaea1cadde7dcef41ee5a34b3001677b

PODFILE CHECKSUM: 3e63c247f1af815f85747bfbf7152301868ae834

COCOAPODS: 1.5.0
