PODS:
  - EasyRealm (3.4.0):
    - RealmSwift (~> 3.10)
  - Realm (3.17.1):
    - Realm/Headers (= 3.17.1)
  - Realm/Headers (3.17.1)
  - RealmSwift (3.17.1):
    - Realm (= 3.17.1)

DEPENDENCIES:
  - EasyRealm (from `../`)

SPEC REPOS:
  https://github.com/cocoapods/specs.git:
    - Realm
    - RealmSwift

EXTERNAL SOURCES:
  EasyRealm:
    :path: "../"

SPEC CHECKSUMS:
  EasyRealm: fd1fddb725830f8dcc0d92904eab250f9e3779d9
  Realm: c204f1a890f07dea43b14132a6aad118c054b8f2
  RealmSwift: 4d3c9233544b9cd08a8913e0872b9038eb99b054

PODFILE CHECKSUM: 73d2683af2c7ac771647afb875fecd5c780c7a9f

COCOAPODS: 1.7.4
